// !$*UTF8*$!
{
	archiveVersion = 1;
	classes = {
	};
	objectVersion = 55;
	objects = {

/* Begin PBXBuildFile section */
		D627A85C285A2B0B00408C5C /* AppDelegate.swift in Sources */ = {isa = PBXBuildFile; fileRef = D627A85B285A2B0B00408C5C /* AppDelegate.swift */; };
		D627A85E285A2B0B00408C5C /* SceneDelegate.swift in Sources */ = {isa = PBXBuildFile; fileRef = D627A85D285A2B0B00408C5C /* SceneDelegate.swift */; };
		D627A860285A2B0B00408C5C /* ViewController.swift in Sources */ = {isa = PBXBuildFile; fileRef = D627A85F285A2B0B00408C5C /* ViewController.swift */; };
		D627A863285A2B0B00408C5C /* Main.storyboard in Resources */ = {isa = PBXBuildFile; fileRef = D627A861285A2B0B00408C5C /* Main.storyboard */; };
		D627A865285A2B0C00408C5C /* Assets.xcassets in Resources */ = {isa = PBXBuildFile; fileRef = D627A864285A2B0C00408C5C /* Assets.xcassets */; };
		D627A868285A2B0C00408C5C /* LaunchScreen.storyboard in Resources */ = {isa = PBXBuildFile; fileRef = D627A866285A2B0C00408C5C /* LaunchScreen.storyboard */; };
		D627A870285A2C0A00408C5C /* ContentArray.swift in Sources */ = {isa = PBXBuildFile; fileRef = D627A86F285A2C0A00408C5C /* ContentArray.swift */; };
		D627A872285A2C0E00408C5C /* Images.swift in Sources */ = {isa = PBXBuildFile; fileRef = D627A871285A2C0E00408C5C /* Images.swift */; };
		D627A874285A2C9700408C5C /* NotificationCell.swift in Sources */ = {isa = PBXBuildFile; fileRef = D627A873285A2C9700408C5C /* NotificationCell.swift */; };
		D627A876285A2CB200408C5C /* SwitchCell.swift in Sources */ = {isa = PBXBuildFile; fileRef = D627A875285A2CB200408C5C /* SwitchCell.swift */; };
		D627A878285A2CCE00408C5C /* ArrowCell.swift in Sources */ = {isa = PBXBuildFile; fileRef = D627A877285A2CCE00408C5C /* ArrowCell.swift */; };
/* End PBXBuildFile section */

/* Begin PBXFileReference section */
		D627A858285A2B0B00408C5C /* TableView-project.app */ = {isa = PBXFileReference; explicitFileType = wrapper.application; includeInIndex = 0; path = "TableView-project.app"; sourceTree = BUILT_PRODUCTS_DIR; };
		D627A85B285A2B0B00408C5C /* AppDelegate.swift */ = {isa = PBXFileReference; lastKnownFileType = sourcecode.swift; path = AppDelegate.swift; sourceTree = "<group>"; };
		D627A85D285A2B0B00408C5C /* SceneDelegate.swift */ = {isa = PBXFileReference; lastKnownFileType = sourcecode.swift; path = SceneDelegate.swift; sourceTree = "<group>"; };
		D627A85F285A2B0B00408C5C /* ViewController.swift */ = {isa = PBXFileReference; lastKnownFileType = sourcecode.swift; path = ViewController.swift; sourceTree = "<group>"; };
		D627A862285A2B0B00408C5C /* Base */ = {isa = PBXFileReference; lastKnownFileType = file.storyboard; name = Base; path = Base.lproj/Main.storyboard; sourceTree = "<group>"; };
		D627A864285A2B0C00408C5C /* Assets.xcassets */ = {isa = PBXFileReference; lastKnownFileType = folder.assetcatalog; path = Assets.xcassets; sourceTree = "<group>"; };
		D627A867285A2B0C00408C5C /* Base */ = {isa = PBXFileReference; lastKnownFileType = file.storyboard; name = Base; path = Base.lproj/LaunchScreen.storyboard; sourceTree = "<group>"; };
		D627A869285A2B0C00408C5C /* Info.plist */ = {isa = PBXFileReference; lastKnownFileType = text.plist.xml; path = Info.plist; sourceTree = "<group>"; };
		D627A86F285A2C0A00408C5C /* ContentArray.swift */ = {isa = PBXFileReference; fileEncoding = 4; lastKnownFileType = sourcecode.swift; path = ContentArray.swift; sourceTree = "<group>"; };
		D627A871285A2C0E00408C5C /* Images.swift */ = {isa = PBXFileReference; fileEncoding = 4; lastKnownFileType = sourcecode.swift; path = Images.swift; sourceTree = "<group>"; };
		D627A873285A2C9700408C5C /* NotificationCell.swift */ = {isa = PBXFileReference; fileEncoding = 4; lastKnownFileType = sourcecode.swift; path = NotificationCell.swift; sourceTree = "<group>"; };
		D627A875285A2CB200408C5C /* SwitchCell.swift */ = {isa = PBXFileReference; fileEncoding = 4; lastKnownFileType = sourcecode.swift; path = SwitchCell.swift; sourceTree = "<group>"; };
		D627A877285A2CCE00408C5C /* ArrowCell.swift */ = {isa = PBXFileReference; fileEncoding = 4; lastKnownFileType = sourcecode.swift; path = ArrowCell.swift; sourceTree = "<group>"; };
/* End PBXFileReference section */

/* Begin PBXFrameworksBuildPhase section */
		D627A855285A2B0B00408C5C /* Frameworks */ = {
			isa = PBXFrameworksBuildPhase;
			buildActionMask = 2147483647;
			files = (
			);
			runOnlyForDeploymentPostprocessing = 0;
		};
/* End PBXFrameworksBuildPhase section */

/* Begin PBXGroup section */
		D627A84F285A2B0B00408C5C = {
			isa = PBXGroup;
			children = (
				D627A85A285A2B0B00408C5C /* TableView-project */,
				D627A859285A2B0B00408C5C /* Products */,
			);
			sourceTree = "<group>";
		};
		D627A859285A2B0B00408C5C /* Products */ = {
			isa = PBXGroup;
			children = (
				D627A858285A2B0B00408C5C /* TableView-project.app */,
			);
			name = Products;
			sourceTree = "<group>";
		};
		D627A85A285A2B0B00408C5C /* TableView-project */ = {
			isa = PBXGroup;
			children = (
				D627A87A285A2E3200408C5C /* Resources */,
				D627A87B285A2E5400408C5C /* Sourses */,
				D627A879285A2CE900408C5C /* CellTypes */,
				D627A85F285A2B0B00408C5C /* ViewController.swift */,
				D627A86F285A2C0A00408C5C /* ContentArray.swift */,
				D627A871285A2C0E00408C5C /* Images.swift */,
			);
			path = "TableView-project";
			sourceTree = "<group>";
		};
		D627A879285A2CE900408C5C /* CellTypes */ = {
			isa = PBXGroup;
			children = (
				D627A873285A2C9700408C5C /* NotificationCell.swift */,
				D627A875285A2CB200408C5C /* SwitchCell.swift */,
				D627A877285A2CCE00408C5C /* ArrowCell.swift */,
			);
			path = CellTypes;
			sourceTree = "<group>";
		};
		D627A87A285A2E3200408C5C /* Resources */ = {
			isa = PBXGroup;
			children = (
				D627A864285A2B0C00408C5C /* Assets.xcassets */,
				D627A866285A2B0C00408C5C /* LaunchScreen.storyboard */,
				D627A861285A2B0B00408C5C /* Main.storyboard */,
				D627A869285A2B0C00408C5C /* Info.plist */,
			);
			path = Resources;
			sourceTree = "<group>";
		};
		D627A87B285A2E5400408C5C /* Sourses */ = {
			isa = PBXGroup;
			children = (
				D627A87D285A2FAD00408C5C /* Scenes */,
				D627A87C285A2FA800408C5C /* App */,
			);
			path = Sourses;
			sourceTree = "<group>";
		};
		D627A87C285A2FA800408C5C /* App */ = {
			isa = PBXGroup;
			children = (
				D627A85B285A2B0B00408C5C /* AppDelegate.swift */,
				D627A85D285A2B0B00408C5C /* SceneDelegate.swift */,
			);
			path = App;
			sourceTree = "<group>";
		};
		D627A87D285A2FAD00408C5C /* Scenes */ = {
			isa = PBXGroup;
			children = (
			);
			path = Scenes;
			sourceTree = "<group>";
		};
/* End PBXGroup section */

/* Begin PBXNativeTarget section */
		D627A857285A2B0B00408C5C /* TableView-project */ = {
			isa = PBXNativeTarget;
			buildConfigurationList = D627A86C285A2B0C00408C5C /* Build configuration list for PBXNativeTarget "TableView-project" */;
			buildPhases = (
				D627A854285A2B0B00408C5C /* Sources */,
				D627A855285A2B0B00408C5C /* Frameworks */,
				D627A856285A2B0B00408C5C /* Resources */,
			);
			buildRules = (
			);
			dependencies = (
			);
			name = "TableView-project";
			productName = "TableView-project";
			productReference = D627A858285A2B0B00408C5C /* TableView-project.app */;
			productType = "com.apple.product-type.application";
		};
/* End PBXNativeTarget section */

/* Begin PBXProject section */
		D627A850285A2B0B00408C5C /* Project object */ = {
			isa = PBXProject;
			attributes = {
				BuildIndependentTargetsInParallel = 1;
				LastSwiftUpdateCheck = 1340;
				LastUpgradeCheck = 1340;
				TargetAttributes = {
					D627A857285A2B0B00408C5C = {
						CreatedOnToolsVersion = 13.4.1;
					};
				};
			};
			buildConfigurationList = D627A853285A2B0B00408C5C /* Build configuration list for PBXProject "TableView-project" */;
			compatibilityVersion = "Xcode 13.0";
			developmentRegion = en;
			hasScannedForEncodings = 0;
			knownRegions = (
				en,
				Base,
			);
			mainGroup = D627A84F285A2B0B00408C5C;
			productRefGroup = D627A859285A2B0B00408C5C /* Products */;
			projectDirPath = "";
			projectRoot = "";
			targets = (
				D627A857285A2B0B00408C5C /* TableView-project */,
			);
		};
/* End PBXProject section */

/* Begin PBXResourcesBuildPhase section */
		D627A856285A2B0B00408C5C /* Resources */ = {
			isa = PBXResourcesBuildPhase;
			buildActionMask = 2147483647;
			files = (
				D627A868285A2B0C00408C5C /* LaunchScreen.storyboard in Resources */,
				D627A865285A2B0C00408C5C /* Assets.xcassets in Resources */,
				D627A863285A2B0B00408C5C /* Main.storyboard in Resources */,
			);
			runOnlyForDeploymentPostprocessing = 0;
		};
/* End PBXResourcesBuildPhase section */

/* Begin PBXSourcesBuildPhase section */
		D627A854285A2B0B00408C5C /* Sources */ = {
			isa = PBXSourcesBuildPhase;
			buildActionMask = 2147483647;
			files = (
				D627A860285A2B0B00408C5C /* ViewController.swift in Sources */,
				D627A85C285A2B0B00408C5C /* AppDelegate.swift in Sources */,
				D627A872285A2C0E00408C5C /* Images.swift in Sources */,
				D627A876285A2CB200408C5C /* SwitchCell.swift in Sources */,
				D627A85E285A2B0B00408C5C /* SceneDelegate.swift in Sources */,
				D627A878285A2CCE00408C5C /* ArrowCell.swift in Sources */,
				D627A874285A2C9700408C5C /* NotificationCell.swift in Sources */,
				D627A870285A2C0A00408C5C /* ContentArray.swift in Sources */,
			);
			runOnlyForDeploymentPostprocessing = 0;
		};
/* End PBXSourcesBuildPhase section */

/* Begin PBXVariantGroup section */
		D627A861285A2B0B00408C5C /* Main.storyboard */ = {
			isa = PBXVariantGroup;
			children = (
				D627A862285A2B0B00408C5C /* Base */,
			);
			name = Main.storyboard;
			sourceTree = "<group>";
		};
		D627A866285A2B0C00408C5C /* LaunchScreen.storyboard */ = {
			isa = PBXVariantGroup;
			children = (
				D627A867285A2B0C00408C5C /* Base */,
			);
			name = LaunchScreen.storyboard;
			sourceTree = "<group>";
		};
/* End PBXVariantGroup section */

/* Begin XCBuildConfiguration section */
		D627A86A285A2B0C00408C5C /* Debug */ = {
			isa = XCBuildConfiguration;
			buildSettings = {
				ALWAYS_SEARCH_USER_PATHS = NO;
				CLANG_ANALYZER_NONNULL = YES;
				CLANG_ANALYZER_NUMBER_OBJECT_CONVERSION = YES_AGGRESSIVE;
				CLANG_CXX_LANGUAGE_STANDARD = "gnu++17";
				CLANG_ENABLE_MODULES = YES;
				CLANG_ENABLE_OBJC_ARC = YES;
				CLANG_ENABLE_OBJC_WEAK = YES;
				CLANG_WARN_BLOCK_CAPTURE_AUTORELEASING = YES;
				CLANG_WARN_BOOL_CONVERSION = YES;
				CLANG_WARN_COMMA = YES;
				CLANG_WARN_CONSTANT_CONVERSION = YES;
				CLANG_WARN_DEPRECATED_OBJC_IMPLEMENTATIONS = YES;
				CLANG_WARN_DIRECT_OBJC_ISA_USAGE = YES_ERROR;
				CLANG_WARN_DOCUMENTATION_COMMENTS = YES;
				CLANG_WARN_EMPTY_BODY = YES;
				CLANG_WARN_ENUM_CONVERSION = YES;
				CLANG_WARN_INFINITE_RECURSION = YES;
				CLANG_WARN_INT_CONVERSION = YES;
				CLANG_WARN_NON_LITERAL_NULL_CONVERSION = YES;
				CLANG_WARN_OBJC_IMPLICIT_RETAIN_SELF = YES;
				CLANG_WARN_OBJC_LITERAL_CONVERSION = YES;
				CLANG_WARN_OBJC_ROOT_CLASS = YES_ERROR;
				CLANG_WARN_QUOTED_INCLUDE_IN_FRAMEWORK_HEADER = YES;
				CLANG_WARN_RANGE_LOOP_ANALYSIS = YES;
				CLANG_WARN_STRICT_PROTOTYPES = YES;
				CLANG_WARN_SUSPICIOUS_MOVE = YES;
				CLANG_WARN_UNGUARDED_AVAILABILITY = YES_AGGRESSIVE;
				CLANG_WARN_UNREACHABLE_CODE = YES;
				CLANG_WARN__DUPLICATE_METHOD_MATCH = YES;
				COPY_PHASE_STRIP = NO;
				DEBUG_INFORMATION_FORMAT = dwarf;
				ENABLE_STRICT_OBJC_MSGSEND = YES;
				ENABLE_TESTABILITY = YES;
				GCC_C_LANGUAGE_STANDARD = gnu11;
				GCC_DYNAMIC_NO_PIC = NO;
				GCC_NO_COMMON_BLOCKS = YES;
				GCC_OPTIMIZATION_LEVEL = 0;
				GCC_PREPROCESSOR_DEFINITIONS = (
					"DEBUG=1",
					"$(inherited)",
				);
				GCC_WARN_64_TO_32_BIT_CONVERSION = YES;
				GCC_WARN_ABOUT_RETURN_TYPE = YES_ERROR;
				GCC_WARN_UNDECLARED_SELECTOR = YES;
				GCC_WARN_UNINITIALIZED_AUTOS = YES_AGGRESSIVE;
				GCC_WARN_UNUSED_FUNCTION = YES;
				GCC_WARN_UNUSED_VARIABLE = YES;
				IPHONEOS_DEPLOYMENT_TARGET = 15.5;
				MTL_ENABLE_DEBUG_INFO = INCLUDE_SOURCE;
				MTL_FAST_MATH = YES;
				ONLY_ACTIVE_ARCH = YES;
				SDKROOT = iphoneos;
				SWIFT_ACTIVE_COMPILATION_CONDITIONS = DEBUG;
				SWIFT_OPTIMIZATION_LEVEL = "-Onone";
			};
			name = Debug;
		};
		D627A86B285A2B0C00408C5C /* Release */ = {
			isa = XCBuildConfiguration;
			buildSettings = {
				ALWAYS_SEARCH_USER_PATHS = NO;
				CLANG_ANALYZER_NONNULL = YES;
				CLANG_ANALYZER_NUMBER_OBJECT_CONVERSION = YES_AGGRESSIVE;
				CLANG_CXX_LANGUAGE_STANDARD = "gnu++17";
				CLANG_ENABLE_MODULES = YES;
				CLANG_ENABLE_OBJC_ARC = YES;
				CLANG_ENABLE_OBJC_WEAK = YES;
				CLANG_WARN_BLOCK_CAPTURE_AUTORELEASING = YES;
				CLANG_WARN_BOOL_CONVERSION = YES;
				CLANG_WARN_COMMA = YES;
				CLANG_WARN_CONSTANT_CONVERSION = YES;
				CLANG_WARN_DEPRECATED_OBJC_IMPLEMENTATIONS = YES;
				CLANG_WARN_DIRECT_OBJC_ISA_USAGE = YES_ERROR;
				CLANG_WARN_DOCUMENTATION_COMMENTS = YES;
				CLANG_WARN_EMPTY_BODY = YES;
				CLANG_WARN_ENUM_CONVERSION = YES;
				CLANG_WARN_INFINITE_RECURSION = YES;
				CLANG_WARN_INT_CONVERSION = YES;
				CLANG_WARN_NON_LITERAL_NULL_CONVERSION = YES;
				CLANG_WARN_OBJC_IMPLICIT_RETAIN_SELF = YES;
				CLANG_WARN_OBJC_LITERAL_CONVERSION = YES;
				CLANG_WARN_OBJC_ROOT_CLASS = YES_ERROR;
				CLANG_WARN_QUOTED_INCLUDE_IN_FRAMEWORK_HEADER = YES;
				CLANG_WARN_RANGE_LOOP_ANALYSIS = YES;
				CLANG_WARN_STRICT_PROTOTYPES = YES;
				CLANG_WARN_SUSPICIOUS_MOVE = YES;
				CLANG_WARN_UNGUARDED_AVAILABILITY = YES_AGGRESSIVE;
				CLANG_WARN_UNREACHABLE_CODE = YES;
				CLANG_WARN__DUPLICATE_METHOD_MATCH = YES;
				COPY_PHASE_STRIP = NO;
				DEBUG_INFORMATION_FORMAT = "dwarf-with-dsym";
				ENABLE_NS_ASSERTIONS = NO;
				ENABLE_STRICT_OBJC_MSGSEND = YES;
				GCC_C_LANGUAGE_STANDARD = gnu11;
				GCC_NO_COMMON_BLOCKS = YES;
				GCC_WARN_64_TO_32_BIT_CONVERSION = YES;
				GCC_WARN_ABOUT_RETURN_TYPE = YES_ERROR;
				GCC_WARN_UNDECLARED_SELECTOR = YES;
				GCC_WARN_UNINITIALIZED_AUTOS = YES_AGGRESSIVE;
				GCC_WARN_UNUSED_FUNCTION = YES;
				GCC_WARN_UNUSED_VARIABLE = YES;
				IPHONEOS_DEPLOYMENT_TARGET = 15.5;
				MTL_ENABLE_DEBUG_INFO = NO;
				MTL_FAST_MATH = YES;
				SDKROOT = iphoneos;
				SWIFT_COMPILATION_MODE = wholemodule;
				SWIFT_OPTIMIZATION_LEVEL = "-O";
				VALIDATE_PRODUCT = YES;
			};
			name = Release;
		};
		D627A86D285A2B0C00408C5C /* Debug */ = {
			isa = XCBuildConfiguration;
			buildSettings = {
				ASSETCATALOG_COMPILER_APPICON_NAME = AppIcon;
				ASSETCATALOG_COMPILER_GLOBAL_ACCENT_COLOR_NAME = AccentColor;
				CODE_SIGN_STYLE = Automatic;
				CURRENT_PROJECT_VERSION = 1;
				DEVELOPMENT_TEAM = CGLFK7WJHJ;
				GENERATE_INFOPLIST_FILE = YES;
				INFOPLIST_FILE = "TableView-project/Resources/Info.plist";
				INFOPLIST_KEY_UIApplicationSupportsIndirectInputEvents = YES;
				INFOPLIST_KEY_UILaunchStoryboardName = LaunchScreen;
				INFOPLIST_KEY_UIMainStoryboardFile = Main;
				INFOPLIST_KEY_UISupportedInterfaceOrientations_iPad = "UIInterfaceOrientationPortrait UIInterfaceOrientationPortraitUpsideDown UIInterfaceOrientationLandscapeLeft UIInterfaceOrientationLandscapeRight";
				INFOPLIST_KEY_UISupportedInterfaceOrientations_iPhone = "UIInterfaceOrientationPortrait UIInterfaceOrientationLandscapeLeft UIInterfaceOrientationLandscapeRight";
				LD_RUNPATH_SEARCH_PATHS = (
					"$(inherited)",
					"@executable_path/Frameworks",
				);
				MARKETING_VERSION = 1.0;
				PRODUCT_BUNDLE_IDENTIFIER = "com.my.TableView-project";
				PRODUCT_NAME = "$(TARGET_NAME)";
				SWIFT_EMIT_LOC_STRINGS = YES;
				SWIFT_VERSION = 5.0;
				TARGETED_DEVICE_FAMILY = "1,2";
			};
			name = Debug;
		};
		D627A86E285A2B0C00408C5C /* Release */ = {
			isa = XCBuildConfiguration;
			buildSettings = {
				ASSETCATALOG_COMPILER_APPICON_NAME = AppIcon;
				ASSETCATALOG_COMPILER_GLOBAL_ACCENT_COLOR_NAME = AccentColor;
				CODE_SIGN_STYLE = Automatic;
				CURRENT_PROJECT_VERSION = 1;
				DEVELOPMENT_TEAM = CGLFK7WJHJ;
				GENERATE_INFOPLIST_FILE = YES;
				INFOPLIST_FILE = "TableView-project/Resources/Info.plist";
				INFOPLIST_KEY_UIApplicationSupportsIndirectInputEvents = YES;
				INFOPLIST_KEY_UILaunchStoryboardName = LaunchScreen;
				INFOPLIST_KEY_UIMainStoryboardFile = Main;
				INFOPLIST_KEY_UISupportedInterfaceOrientations_iPad = "UIInterfaceOrientationPortrait UIInterfaceOrientationPortraitUpsideDown UIInterfaceOrientationLandscapeLeft UIInterfaceOrientationLandscapeRight";
				INFOPLIST_KEY_UISupportedInterfaceOrientations_iPhone = "UIInterfaceOrientationPortrait UIInterfaceOrientationLandscapeLeft UIInterfaceOrientationLandscapeRight";
				LD_RUNPATH_SEARCH_PATHS = (
					"$(inherited)",
					"@executable_path/Frameworks",
				);
				MARKETING_VERSION = 1.0;
				PRODUCT_BUNDLE_IDENTIFIER = "com.my.TableView-project";
				PRODUCT_NAME = "$(TARGET_NAME)";
				SWIFT_EMIT_LOC_STRINGS = YES;
				SWIFT_VERSION = 5.0;
				TARGETED_DEVICE_FAMILY = "1,2";
			};
			name = Release;
		};
/* End XCBuildConfiguration section */

/* Begin XCConfigurationList section */
		D627A853285A2B0B00408C5C /* Build configuration list for PBXProject "TableView-project" */ = {
			isa = XCConfigurationList;
			buildConfigurations = (
				D627A86A285A2B0C00408C5C /* Debug */,
				D627A86B285A2B0C00408C5C /* Release */,
			);
			defaultConfigurationIsVisible = 0;
			defaultConfigurationName = Release;
		};
		D627A86C285A2B0C00408C5C /* Build configuration list for PBXNativeTarget "TableView-project" */ = {
			isa = XCConfigurationList;
			buildConfigurations = (
				D627A86D285A2B0C00408C5C /* Debug */,
				D627A86E285A2B0C00408C5C /* Release */,
			);
			defaultConfigurationIsVisible = 0;
			defaultConfigurationName = Release;
		};
/* End XCConfigurationList section */
	};
	rootObject = D627A850285A2B0B00408C5C /* Project object */;
}
